// !$*UTF8*$!
{
	archiveVersion = 1;
	classes = {
	};
	objectVersion = 46;
	objects = {

/* Begin PBXBuildFile section */
		9030983B1BCF9ABD008384D2 /* main.m in Sources */ = {isa = PBXBuildFile; fileRef = 9030983A1BCF9ABD008384D2 /* main.m */; };
		9030983E1BCF9ABD008384D2 /* AppDelegate.m in Sources */ = {isa = PBXBuildFile; fileRef = 9030983D1BCF9ABD008384D2 /* AppDelegate.m */; };
		903098411BCF9ABD008384D2 /* ViewController.m in Sources */ = {isa = PBXBuildFile; fileRef = 903098401BCF9ABD008384D2 /* ViewController.m */; };
		903098441BCF9ABD008384D2 /* Main.storyboard in Resources */ = {isa = PBXBuildFile; fileRef = 903098421BCF9ABD008384D2 /* Main.storyboard */; };
		903098461BCF9ABD008384D2 /* Assets.xcassets in Resources */ = {isa = PBXBuildFile; fileRef = 903098451BCF9ABD008384D2 /* Assets.xcassets */; };
		903098491BCF9ABD008384D2 /* LaunchScreen.storyboard in Resources */ = {isa = PBXBuildFile; fileRef = 903098471BCF9ABD008384D2 /* LaunchScreen.storyboard */; };
		9051494E1BE10B5C003FC227 /* CoreGraphics.framework in Frameworks */ = {isa = PBXBuildFile; fileRef = 9051494D1BE10B5C003FC227 /* CoreGraphics.framework */; };
		905149501BE10BAD003FC227 /* CoreAudio.framework in Frameworks */ = {isa = PBXBuildFile; fileRef = 9051494F1BE10BAD003FC227 /* CoreAudio.framework */; };
		905149521BE10BC3003FC227 /* MediaEngine.framework in Frameworks */ = {isa = PBXBuildFile; fileRef = 905149511BE10BC3003FC227 /* MediaEngine.framework */; };
		905149571BE10CB5003FC227 /* UIKit.framework in Frameworks */ = {isa = PBXBuildFile; fileRef = 905149561BE10CB5003FC227 /* UIKit.framework */; };
		90A8DA051BCF9D640037EB71 /* libz.1.2.5.tbd in Frameworks */ = {isa = PBXBuildFile; fileRef = 90A8DA041BCF9D640037EB71 /* libz.1.2.5.tbd */; };
		90A8DA071BCF9D730037EB71 /* libbz2.1.0.tbd in Frameworks */ = {isa = PBXBuildFile; fileRef = 90A8DA061BCF9D730037EB71 /* libbz2.1.0.tbd */; };
		90A8DA091BCF9D980037EB71 /* libiconv.2.4.0.tbd in Frameworks */ = {isa = PBXBuildFile; fileRef = 90A8DA081BCF9D980037EB71 /* libiconv.2.4.0.tbd */; };
		90B346E01BD3647500AB6233 /* AudioToolbox.framework in Frameworks */ = {isa = PBXBuildFile; fileRef = 90B346DF1BD3647500AB6233 /* AudioToolbox.framework */; };
/* End PBXBuildFile section */

/* Begin PBXFileReference section */
		903098361BCF9ABD008384D2 /* iOS-TestPlayer.app */ = {isa = PBXFileReference; explicitFileType = wrapper.application; includeInIndex = 0; path = "iOS-TestPlayer.app"; sourceTree = BUILT_PRODUCTS_DIR; };
		9030983A1BCF9ABD008384D2 /* main.m */ = {isa = PBXFileReference; lastKnownFileType = sourcecode.c.objc; path = main.m; sourceTree = "<group>"; };
		9030983C1BCF9ABD008384D2 /* AppDelegate.h */ = {isa = PBXFileReference; lastKnownFileType = sourcecode.c.h; path = AppDelegate.h; sourceTree = "<group>"; };
		9030983D1BCF9ABD008384D2 /* AppDelegate.m */ = {isa = PBXFileReference; lastKnownFileType = sourcecode.c.objc; path = AppDelegate.m; sourceTree = "<group>"; };
		9030983F1BCF9ABD008384D2 /* ViewController.h */ = {isa = PBXFileReference; lastKnownFileType = sourcecode.c.h; path = ViewController.h; sourceTree = "<group>"; };
		903098401BCF9ABD008384D2 /* ViewController.m */ = {isa = PBXFileReference; lastKnownFileType = sourcecode.c.objc; path = ViewController.m; sourceTree = "<group>"; };
		903098431BCF9ABD008384D2 /* Base */ = {isa = PBXFileReference; lastKnownFileType = file.storyboard; name = Base; path = Base.lproj/Main.storyboard; sourceTree = "<group>"; };
		903098451BCF9ABD008384D2 /* Assets.xcassets */ = {isa = PBXFileReference; lastKnownFileType = folder.assetcatalog; path = Assets.xcassets; sourceTree = "<group>"; };
		903098481BCF9ABD008384D2 /* Base */ = {isa = PBXFileReference; lastKnownFileType = file.storyboard; name = Base; path = Base.lproj/LaunchScreen.storyboard; sourceTree = "<group>"; };
		9030984A1BCF9ABD008384D2 /* Info.plist */ = {isa = PBXFileReference; lastKnownFileType = text.plist.xml; path = Info.plist; sourceTree = "<group>"; };
		9051494D1BE10B5C003FC227 /* CoreGraphics.framework */ = {isa = PBXFileReference; lastKnownFileType = wrapper.framework; name = CoreGraphics.framework; path = System/Library/Frameworks/CoreGraphics.framework; sourceTree = SDKROOT; };
		9051494F1BE10BAD003FC227 /* CoreAudio.framework */ = {isa = PBXFileReference; lastKnownFileType = wrapper.framework; name = CoreAudio.framework; path = System/Library/Frameworks/CoreAudio.framework; sourceTree = SDKROOT; };
		905149511BE10BC3003FC227 /* MediaEngine.framework */ = {isa = PBXFileReference; lastKnownFileType = wrapper.framework; name = MediaEngine.framework; path = ../MediaEngine.framework; sourceTree = "<group>"; };
		905149561BE10CB5003FC227 /* UIKit.framework */ = {isa = PBXFileReference; lastKnownFileType = wrapper.framework; name = UIKit.framework; path = System/Library/Frameworks/UIKit.framework; sourceTree = SDKROOT; };
		90A8DA041BCF9D640037EB71 /* libz.1.2.5.tbd */ = {isa = PBXFileReference; lastKnownFileType = "sourcecode.text-based-dylib-definition"; name = libz.1.2.5.tbd; path = usr/lib/libz.1.2.5.tbd; sourceTree = SDKROOT; };
		90A8DA061BCF9D730037EB71 /* libbz2.1.0.tbd */ = {isa = PBXFileReference; lastKnownFileType = "sourcecode.text-based-dylib-definition"; name = libbz2.1.0.tbd; path = usr/lib/libbz2.1.0.tbd; sourceTree = SDKROOT; };
		90A8DA081BCF9D980037EB71 /* libiconv.2.4.0.tbd */ = {isa = PBXFileReference; lastKnownFileType = "sourcecode.text-based-dylib-definition"; name = libiconv.2.4.0.tbd; path = usr/lib/libiconv.2.4.0.tbd; sourceTree = SDKROOT; };
		90B346DF1BD3647500AB6233 /* AudioToolbox.framework */ = {isa = PBXFileReference; lastKnownFileType = wrapper.framework; name = AudioToolbox.framework; path = System/Library/Frameworks/AudioToolbox.framework; sourceTree = SDKROOT; };
/* End PBXFileReference section */

/* Begin PBXFrameworksBuildPhase section */
		903098331BCF9ABD008384D2 /* Frameworks */ = {
			isa = PBXFrameworksBuildPhase;
			buildActionMask = 2147483647;
			files = (
				90A8DA051BCF9D640037EB71 /* libz.1.2.5.tbd in Frameworks */,
				90A8DA071BCF9D730037EB71 /* libbz2.1.0.tbd in Frameworks */,
				90A8DA091BCF9D980037EB71 /* libiconv.2.4.0.tbd in Frameworks */,
				905149571BE10CB5003FC227 /* UIKit.framework in Frameworks */,
				905149501BE10BAD003FC227 /* CoreAudio.framework in Frameworks */,
				905149521BE10BC3003FC227 /* MediaEngine.framework in Frameworks */,
				90B346E01BD3647500AB6233 /* AudioToolbox.framework in Frameworks */,
				9051494E1BE10B5C003FC227 /* CoreGraphics.framework in Frameworks */,
			);
			runOnlyForDeploymentPostprocessing = 0;
		};
/* End PBXFrameworksBuildPhase section */

/* Begin PBXGroup section */
		9030982D1BCF9ABD008384D2 = {
			isa = PBXGroup;
			children = (
				903098381BCF9ABD008384D2 /* iOS-TestPlayer */,
				903098371BCF9ABD008384D2 /* Products */,
			);
			sourceTree = "<group>";
		};
		903098371BCF9ABD008384D2 /* Products */ = {
			isa = PBXGroup;
			children = (
				903098361BCF9ABD008384D2 /* iOS-TestPlayer.app */,
			);
			name = Products;
			sourceTree = "<group>";
		};
		903098381BCF9ABD008384D2 /* iOS-TestPlayer */ = {
			isa = PBXGroup;
			children = (
				905149541BE10BF7003FC227 /* UI */,
				905149531BE10BE3003FC227 /* classes */,
				903098501BCF9B26008384D2 /* MediaEng */,
				90A8DA0A1BCF9DE00037EB71 /* SystemLibs */,
				905149551BE10C23003FC227 /* ProjecConfig */,
				903098391BCF9ABD008384D2 /* Supporting Files */,
			);
			path = "iOS-TestPlayer";
			sourceTree = "<group>";
		};
		903098391BCF9ABD008384D2 /* Supporting Files */ = {
			isa = PBXGroup;
			children = (
				9030983A1BCF9ABD008384D2 /* main.m */,
			);
			name = "Supporting Files";
			sourceTree = "<group>";
		};
		903098501BCF9B26008384D2 /* MediaEng */ = {
			isa = PBXGroup;
			children = (
				905149511BE10BC3003FC227 /* MediaEngine.framework */,
			);
			name = MediaEng;
			sourceTree = "<group>";
		};
		905149531BE10BE3003FC227 /* classes */ = {
			isa = PBXGroup;
			children = (
				9030983C1BCF9ABD008384D2 /* AppDelegate.h */,
				9030983D1BCF9ABD008384D2 /* AppDelegate.m */,
				9030983F1BCF9ABD008384D2 /* ViewController.h */,
				903098401BCF9ABD008384D2 /* ViewController.m */,
			);
			name = classes;
			sourceTree = "<group>";
		};
		905149541BE10BF7003FC227 /* UI */ = {
			isa = PBXGroup;
			children = (
				903098421BCF9ABD008384D2 /* Main.storyboard */,
				903098451BCF9ABD008384D2 /* Assets.xcassets */,
				903098471BCF9ABD008384D2 /* LaunchScreen.storyboard */,
			);
			name = UI;
			sourceTree = "<group>";
		};
		905149551BE10C23003FC227 /* ProjecConfig */ = {
			isa = PBXGroup;
			children = (
				9030984A1BCF9ABD008384D2 /* Info.plist */,
			);
			name = ProjecConfig;
			sourceTree = "<group>";
		};
		90A8DA0A1BCF9DE00037EB71 /* SystemLibs */ = {
			isa = PBXGroup;
			children = (
				90A8DA041BCF9D640037EB71 /* libz.1.2.5.tbd */,
				90A8DA061BCF9D730037EB71 /* libbz2.1.0.tbd */,
				90A8DA081BCF9D980037EB71 /* libiconv.2.4.0.tbd */,
				905149561BE10CB5003FC227 /* UIKit.framework */,
				9051494F1BE10BAD003FC227 /* CoreAudio.framework */,
				90B346DF1BD3647500AB6233 /* AudioToolbox.framework */,
				9051494D1BE10B5C003FC227 /* CoreGraphics.framework */,
			);
			name = SystemLibs;
			sourceTree = "<group>";
		};
/* End PBXGroup section */

/* Begin PBXNativeTarget section */
		903098351BCF9ABD008384D2 /* iOS-TestPlayer */ = {
			isa = PBXNativeTarget;
			buildConfigurationList = 9030984D1BCF9ABD008384D2 /* Build configuration list for PBXNativeTarget "iOS-TestPlayer" */;
			buildPhases = (
				903098321BCF9ABD008384D2 /* Sources */,
				903098331BCF9ABD008384D2 /* Frameworks */,
				903098341BCF9ABD008384D2 /* Resources */,
			);
			buildRules = (
			);
			dependencies = (
			);
			name = "iOS-TestPlayer";
			productName = "iOS-TestPlayer";
			productReference = 903098361BCF9ABD008384D2 /* iOS-TestPlayer.app */;
			productType = "com.apple.product-type.application";
		};
/* End PBXNativeTarget section */

/* Begin PBXProject section */
		9030982E1BCF9ABD008384D2 /* Project object */ = {
			isa = PBXProject;
			attributes = {
				LastUpgradeCheck = 0700;
				ORGANIZATIONNAME = EC;
				TargetAttributes = {
					903098351BCF9ABD008384D2 = {
						CreatedOnToolsVersion = 7.0.1;
						DevelopmentTeam = N8H8MVYSMF;
					};
				};
			};
			buildConfigurationList = 903098311BCF9ABD008384D2 /* Build configuration list for PBXProject "iOS-TestPlayer" */;
			compatibilityVersion = "Xcode 3.2";
			developmentRegion = English;
			hasScannedForEncodings = 0;
			knownRegions = (
				en,
				Base,
			);
			mainGroup = 9030982D1BCF9ABD008384D2;
			productRefGroup = 903098371BCF9ABD008384D2 /* Products */;
			projectDirPath = "";
			projectRoot = "";
			targets = (
				903098351BCF9ABD008384D2 /* iOS-TestPlayer */,
			);
		};
/* End PBXProject section */

/* Begin PBXResourcesBuildPhase section */
		903098341BCF9ABD008384D2 /* Resources */ = {
			isa = PBXResourcesBuildPhase;
			buildActionMask = 2147483647;
			files = (
				903098491BCF9ABD008384D2 /* LaunchScreen.storyboard in Resources */,
				903098461BCF9ABD008384D2 /* Assets.xcassets in Resources */,
				903098441BCF9ABD008384D2 /* Main.storyboard in Resources */,
			);
			runOnlyForDeploymentPostprocessing = 0;
		};
/* End PBXResourcesBuildPhase section */

/* Begin PBXSourcesBuildPhase section */
		903098321BCF9ABD008384D2 /* Sources */ = {
			isa = PBXSourcesBuildPhase;
			buildActionMask = 2147483647;
			files = (
				903098411BCF9ABD008384D2 /* ViewController.m in Sources */,
				9030983E1BCF9ABD008384D2 /* AppDelegate.m in Sources */,
				9030983B1BCF9ABD008384D2 /* main.m in Sources */,
			);
			runOnlyForDeploymentPostprocessing = 0;
		};
/* End PBXSourcesBuildPhase section */

/* Begin PBXVariantGroup section */
		903098421BCF9ABD008384D2 /* Main.storyboard */ = {
			isa = PBXVariantGroup;
			children = (
				903098431BCF9ABD008384D2 /* Base */,
			);
			name = Main.storyboard;
			sourceTree = "<group>";
		};
		903098471BCF9ABD008384D2 /* LaunchScreen.storyboard */ = {
			isa = PBXVariantGroup;
			children = (
				903098481BCF9ABD008384D2 /* Base */,
			);
			name = LaunchScreen.storyboard;
			sourceTree = "<group>";
		};
/* End PBXVariantGroup section */

/* Begin XCBuildConfiguration section */
		9030984B1BCF9ABD008384D2 /* Debug */ = {
			isa = XCBuildConfiguration;
			buildSettings = {
				ALWAYS_SEARCH_USER_PATHS = NO;
				CLANG_CXX_LANGUAGE_STANDARD = "gnu++0x";
				CLANG_CXX_LIBRARY = "libc++";
				CLANG_ENABLE_MODULES = YES;
				CLANG_ENABLE_OBJC_ARC = YES;
				CLANG_WARN_BOOL_CONVERSION = YES;
				CLANG_WARN_CONSTANT_CONVERSION = YES;
				CLANG_WARN_DIRECT_OBJC_ISA_USAGE = YES_ERROR;
				CLANG_WARN_EMPTY_BODY = YES;
				CLANG_WARN_ENUM_CONVERSION = YES;
				CLANG_WARN_INT_CONVERSION = YES;
				CLANG_WARN_OBJC_ROOT_CLASS = YES_ERROR;
				CLANG_WARN_UNREACHABLE_CODE = YES;
				CLANG_WARN__DUPLICATE_METHOD_MATCH = YES;
				"CODE_SIGN_IDENTITY[sdk=iphoneos*]" = "iPhone Developer";
				COPY_PHASE_STRIP = NO;
				DEBUG_INFORMATION_FORMAT = dwarf;
				ENABLE_STRICT_OBJC_MSGSEND = YES;
				ENABLE_TESTABILITY = YES;
				GCC_C_LANGUAGE_STANDARD = gnu99;
				GCC_DYNAMIC_NO_PIC = NO;
				GCC_INPUT_FILETYPE = sourcecode.cpp.objcpp;
				GCC_NO_COMMON_BLOCKS = YES;
				GCC_OPTIMIZATION_LEVEL = 0;
				GCC_PREPROCESSOR_DEFINITIONS = (
					"DEBUG=1",
					"$(inherited)",
				);
				GCC_WARN_64_TO_32_BIT_CONVERSION = YES;
				GCC_WARN_ABOUT_RETURN_TYPE = YES_ERROR;
				GCC_WARN_UNDECLARED_SELECTOR = YES;
				GCC_WARN_UNINITIALIZED_AUTOS = YES_AGGRESSIVE;
				GCC_WARN_UNUSED_FUNCTION = YES;
				GCC_WARN_UNUSED_VARIABLE = YES;
				IPHONEOS_DEPLOYMENT_TARGET = 9.0;
				MTL_ENABLE_DEBUG_INFO = YES;
				ONLY_ACTIVE_ARCH = YES;
				SDKROOT = iphoneos;
			};
			name = Debug;
		};
		9030984C1BCF9ABD008384D2 /* Release */ = {
			isa = XCBuildConfiguration;
			buildSettings = {
				ALWAYS_SEARCH_USER_PATHS = NO;
				CLANG_CXX_LANGUAGE_STANDARD = "gnu++0x";
				CLANG_CXX_LIBRARY = "libc++";
				CLANG_ENABLE_MODULES = YES;
				CLANG_ENABLE_OBJC_ARC = YES;
				CLANG_WARN_BOOL_CONVERSION = YES;
				CLANG_WARN_CONSTANT_CONVERSION = YES;
				CLANG_WARN_DIRECT_OBJC_ISA_USAGE = YES_ERROR;
				CLANG_WARN_EMPTY_BODY = YES;
				CLANG_WARN_ENUM_CONVERSION = YES;
				CLANG_WARN_INT_CONVERSION = YES;
				CLANG_WARN_OBJC_ROOT_CLASS = YES_ERROR;
				CLANG_WARN_UNREACHABLE_CODE = YES;
				CLANG_WARN__DUPLICATE_METHOD_MATCH = YES;
				"CODE_SIGN_IDENTITY[sdk=iphoneos*]" = "iPhone Developer";
				COPY_PHASE_STRIP = NO;
				DEBUG_INFORMATION_FORMAT = "dwarf-with-dsym";
				ENABLE_NS_ASSERTIONS = NO;
				ENABLE_STRICT_OBJC_MSGSEND = YES;
				GCC_C_LANGUAGE_STANDARD = gnu99;
				GCC_INPUT_FILETYPE = sourcecode.cpp.objcpp;
				GCC_NO_COMMON_BLOCKS = YES;
				GCC_WARN_64_TO_32_BIT_CONVERSION = YES;
				GCC_WARN_ABOUT_RETURN_TYPE = YES_ERROR;
				GCC_WARN_UNDECLARED_SELECTOR = YES;
				GCC_WARN_UNINITIALIZED_AUTOS = YES_AGGRESSIVE;
				GCC_WARN_UNUSED_FUNCTION = YES;
				GCC_WARN_UNUSED_VARIABLE = YES;
				IPHONEOS_DEPLOYMENT_TARGET = 9.0;
				MTL_ENABLE_DEBUG_INFO = NO;
				SDKROOT = iphoneos;
				VALIDATE_PRODUCT = YES;
			};
			name = Release;
		};
		9030984E1BCF9ABD008384D2 /* Debug */ = {
			isa = XCBuildConfiguration;
			buildSettings = {
				ASSETCATALOG_COMPILER_APPICON_NAME = AppIcon;
				DEBUG_INFORMATION_FORMAT = "dwarf-with-dsym";
				FRAMEWORK_SEARCH_PATHS = (
					"$(inherited)",
					"$(PROJECT_DIR)",
				);
				HEADER_SEARCH_PATHS = "$(PROJECT_DIR)/../../MediaEngine/ThirdPart/FFmpeg/iOS/include";
				INFOPLIST_FILE = "iOS-TestPlayer/Info.plist";
				LD_RUNPATH_SEARCH_PATHS = "$(inherited) @executable_path/Frameworks";
				LIBRARY_SEARCH_PATHS = "$(PROJECT_DIR)/../../MediaEngine/ThirdPart/FFmpeg/iOS/lib";
				PRODUCT_BUNDLE_IDENTIFIER = "www.ec.com.iOS-TestPlayer";
				PRODUCT_NAME = "$(TARGET_NAME)";
				RUN_CLANG_STATIC_ANALYZER = YES;
			};
			name = Debug;
		};
		9030984F1BCF9ABD008384D2 /* Release */ = {
			isa = XCBuildConfiguration;
			buildSettings = {
				ASSETCATALOG_COMPILER_APPICON_NAME = AppIcon;
				DEBUG_INFORMATION_FORMAT = "dwarf-with-dsym";
				FRAMEWORK_SEARCH_PATHS = (
					"$(inherited)",
					"$(PROJECT_DIR)",
				);
				HEADER_SEARCH_PATHS = "$(PROJECT_DIR)/../../MediaEngine/ThirdPart/FFmpeg/iOS/include";
				INFOPLIST_FILE = "iOS-TestPlayer/Info.plist";
				LD_RUNPATH_SEARCH_PATHS = "$(inherited) @executable_path/Frameworks";
				LIBRARY_SEARCH_PATHS = "$(PROJECT_DIR)/../../MediaEngine/ThirdPart/FFmpeg/iOS/lib";
				PRODUCT_BUNDLE_IDENTIFIER = "www.ec.com.iOS-TestPlayer";
				PRODUCT_NAME = "$(TARGET_NAME)";
				RUN_CLANG_STATIC_ANALYZER = YES;
			};
			name = Release;
		};
/* End XCBuildConfiguration section */

/* Begin XCConfigurationList section */
		903098311BCF9ABD008384D2 /* Build configuration list for PBXProject "iOS-TestPlayer" */ = {
			isa = XCConfigurationList;
			buildConfigurations = (
				9030984B1BCF9ABD008384D2 /* Debug */,
				9030984C1BCF9ABD008384D2 /* Release */,
			);
			defaultConfigurationIsVisible = 0;
			defaultConfigurationName = Release;
		};
		9030984D1BCF9ABD008384D2 /* Build configuration list for PBXNativeTarget "iOS-TestPlayer" */ = {
			isa = XCConfigurationList;
			buildConfigurations = (
				9030984E1BCF9ABD008384D2 /* Debug */,
				9030984F1BCF9ABD008384D2 /* Release */,
			);
			defaultConfigurationIsVisible = 0;
			defaultConfigurationName = Release;
		};
/* End XCConfigurationList section */
	};
	rootObject = 9030982E1BCF9ABD008384D2 /* Project object */;
}
